
Microsoft Visual Studio Solution File, Format Version 12.00
# Visual Studio Version 16
VisualStudioVersion = 16.0.30711.63
MinimumVisualStudioVersion = 10.0.40219.1
Project("{9A19103F-16F7-4668-BE54-9A1E7A4F7556}") = "HttpClientExtension", "src\HttpClientExtension\HttpClientExtension.csproj", "{32AC2334-1397-4033-B677-C2E6FDC236F9}"
EndProject
Project("{9A19103F-16F7-4668-BE54-9A1E7A4F7556}") = "TestWebApi", "src\TestWebApi\TestWebApi.csproj", "{0D8406CA-3AD2-456C-8540-BCCA4E02A593}"
EndProject
Project("{9A19103F-16F7-4668-BE54-9A1E7A4F7556}") = "TestClient", "src\TestClient\TestClient.csproj", "{AAF12D00-6092-43BA-BCE7-3E09D4725806}"
EndProject
Project("{9A19103F-16F7-4668-BE54-9A1E7A4F7556}") = "TestModel", "src\TestModel\TestModel.csproj", "{BB225332-39A7-4735-86F7-1456D9D05FC3}"
EndProject
Project("{FAE04EC0-301F-11D3-BF4B-00C04F79EFBC}") = "TestFrameworkClient", "src\TestFrameworkClient\TestFrameworkClient.csproj", "{1852416A-8ADB-4982-8BD9-38D2895A63B6}"
EndProject
Project("{FAE04EC0-301F-11D3-BF4B-00C04F79EFBC}") = "TestFrameworkbyDLL", "src\TestFrameworkbyDLL\TestFrameworkbyDLL.csproj", "{CD38FF41-6784-4905-882E-E78E6EA51B5B}"
EndProject
Project("{9A19103F-16F7-4668-BE54-9A1E7A4F7556}") = "TestClientbyDLL", "src\TestClientbyDLL\TestClientbyDLL.csproj", "{16097AE9-5FA4-48B2-90C2-8E543B785860}"
EndProject
Project("{FAE04EC0-301F-11D3-BF4B-00C04F79EFBC}") = "MVVMExtension", "src\MVVMExtension\MVVMExtension.csproj", "{40645470-3898-4D22-8F9C-9D4B853E2CCE}"
EndProject
Global
	GlobalSection(SolutionConfigurationPlatforms) = preSolution
		Debug|Any CPU = Debug|Any CPU
		Release|Any CPU = Release|Any CPU
	EndGlobalSection
	GlobalSection(ProjectConfigurationPlatforms) = postSolution
		{32AC2334-1397-4033-B677-C2E6FDC236F9}.Debug|Any CPU.ActiveCfg = Debug|Any CPU
		{32AC2334-1397-4033-B677-C2E6FDC236F9}.Debug|Any CPU.Build.0 = Debug|Any CPU
		{32AC2334-1397-4033-B677-C2E6FDC236F9}.Release|Any CPU.ActiveCfg = Release|Any CPU
		{32AC2334-1397-4033-B677-C2E6FDC236F9}.Release|Any CPU.Build.0 = Release|Any CPU
		{0D8406CA-3AD2-456C-8540-BCCA4E02A593}.Debug|Any CPU.ActiveCfg = Debug|Any CPU
		{0D8406CA-3AD2-456C-8540-BCCA4E02A593}.Debug|Any CPU.Build.0 = Debug|Any CPU
		{0D8406CA-3AD2-456C-8540-BCCA4E02A593}.Release|Any CPU.ActiveCfg = Release|Any CPU
		{0D8406CA-3AD2-456C-8540-BCCA4E02A593}.Release|Any CPU.Build.0 = Release|Any CPU
		{AAF12D00-6092-43BA-BCE7-3E09D4725806}.Debug|Any CPU.ActiveCfg = Debug|Any CPU
		{AAF12D00-6092-43BA-BCE7-3E09D4725806}.Debug|Any CPU.Build.0 = Debug|Any CPU
		{AAF12D00-6092-43BA-BCE7-3E09D4725806}.Release|Any CPU.ActiveCfg = Release|Any CPU
		{AAF12D00-6092-43BA-BCE7-3E09D4725806}.Release|Any CPU.Build.0 = Release|Any CPU
		{BB225332-39A7-4735-86F7-1456D9D05FC3}.Debug|Any CPU.ActiveCfg = Debug|Any CPU
		{BB225332-39A7-4735-86F7-1456D9D05FC3}.Debug|Any CPU.Build.0 = Debug|Any CPU
		{BB225332-39A7-4735-86F7-1456D9D05FC3}.Release|Any CPU.ActiveCfg = Release|Any CPU
		{BB225332-39A7-4735-86F7-1456D9D05FC3}.Release|Any CPU.Build.0 = Release|Any CPU
		{1852416A-8ADB-4982-8BD9-38D2895A63B6}.Debug|Any CPU.ActiveCfg = Debug|Any CPU
		{1852416A-8ADB-4982-8BD9-38D2895A63B6}.Debug|Any CPU.Build.0 = Debug|Any CPU
		{1852416A-8ADB-4982-8BD9-38D2895A63B6}.Release|Any CPU.ActiveCfg = Release|Any CPU
		{1852416A-8ADB-4982-8BD9-38D2895A63B6}.Release|Any CPU.Build.0 = Release|Any CPU
		{CD38FF41-6784-4905-882E-E78E6EA51B5B}.Debug|Any CPU.ActiveCfg = Debug|Any CPU
		{CD38FF41-6784-4905-882E-E78E6EA51B5B}.Debug|Any CPU.Build.0 = Debug|Any CPU
		{CD38FF41-6784-4905-882E-E78E6EA51B5B}.Release|Any CPU.ActiveCfg = Release|Any CPU
		{CD38FF41-6784-4905-882E-E78E6EA51B5B}.Release|Any CPU.Build.0 = Release|Any CPU
		{16097AE9-5FA4-48B2-90C2-8E543B785860}.Debug|Any CPU.ActiveCfg = Debug|Any CPU
		{16097AE9-5FA4-48B2-90C2-8E543B785860}.Debug|Any CPU.Build.0 = Debug|Any CPU
		{16097AE9-5FA4-48B2-90C2-8E543B785860}.Release|Any CPU.ActiveCfg = Release|Any CPU
		{16097AE9-5FA4-48B2-90C2-8E543B785860}.Release|Any CPU.Build.0 = Release|Any CPU
		{40645470-3898-4D22-8F9C-9D4B853E2CCE}.Debug|Any CPU.ActiveCfg = Debug|Any CPU
		{40645470-3898-4D22-8F9C-9D4B853E2CCE}.Debug|Any CPU.Build.0 = Debug|Any CPU
		{40645470-3898-4D22-8F9C-9D4B853E2CCE}.Release|Any CPU.ActiveCfg = Release|Any CPU
		{40645470-3898-4D22-8F9C-9D4B853E2CCE}.Release|Any CPU.Build.0 = Release|Any CPU
	EndGlobalSection
	GlobalSection(SolutionProperties) = preSolution
		HideSolutionNode = FALSE
	EndGlobalSection
	GlobalSection(ExtensibilityGlobals) = postSolution
		SolutionGuid = {FAC7E6B4-35CA-4D43-ADEB-27467E0BB903}
	EndGlobalSection
EndGlobal
